
Microsoft Visual Studio Solution File, Format Version 12.00
# Visual Studio 15
VisualStudioVersion = 15.0.27703.2026
MinimumVisualStudioVersion = 10.0.40219.1
Project("{FAE04EC0-301F-11D3-BF4B-00C04F79EFBC}") = "InterfazGrafica", "InterfazGrafica\InterfazGrafica.csproj", "{04F02F21-3890-4CA9-98E9-3F0C48814C07}"
EndProject
Global
	GlobalSection(SolutionConfigurationPlatforms) = preSolution
		Debug|Any CPU = Debug|Any CPU
		Release|Any CPU = Release|Any CPU
	EndGlobalSection
	GlobalSection(ProjectConfigurationPlatforms) = postSolution
		{04F02F21-3890-4CA9-98E9-3F0C48814C07}.Debug|Any CPU.ActiveCfg = Debug|Any CPU
		{04F02F21-3890-4CA9-98E9-3F0C48814C07}.Debug|Any CPU.Build.0 = Debug|Any CPU
		{04F02F21-3890-4CA9-98E9-3F0C48814C07}.Release|Any CPU.ActiveCfg = Release|Any CPU
		{04F02F21-3890-4CA9-98E9-3F0C48814C07}.Release|Any CPU.Build.0 = Release|Any CPU
	EndGlobalSection
	GlobalSection(SolutionProperties) = preSolution
		HideSolutionNode = FALSE
	EndGlobalSection
	GlobalSection(ExtensibilityGlobals) = postSolution
		SolutionGuid = {CD8DBBB6-645B-452D-8E07-37643297E19A}
	EndGlobalSection
EndGlobal
